
Microsoft Visual Studio Solution File, Format Version 12.00
# Visual Studio Version 16
VisualStudioVersion = 16.0.30413.136
MinimumVisualStudioVersion = 10.0.40219.1
Project("{FAE04EC0-301F-11D3-BF4B-00C04F79EFBC}") = "Practico2LINQ", "Practico2LINQ\Practico2LINQ.csproj", "{02917D29-7E8E-474F-8CE3-CCB776B1A634}"
EndProject
Global
	GlobalSection(SolutionConfigurationPlatforms) = preSolution
		Debug|Any CPU = Debug|Any CPU
		Release|Any CPU = Release|Any CPU
	EndGlobalSection
	GlobalSection(ProjectConfigurationPlatforms) = postSolution
		{02917D29-7E8E-474F-8CE3-CCB776B1A634}.Debug|Any CPU.ActiveCfg = Debug|Any CPU
		{02917D29-7E8E-474F-8CE3-CCB776B1A634}.Debug|Any CPU.Build.0 = Debug|Any CPU
		{02917D29-7E8E-474F-8CE3-CCB776B1A634}.Release|Any CPU.ActiveCfg = Release|Any CPU
		{02917D29-7E8E-474F-8CE3-CCB776B1A634}.Release|Any CPU.Build.0 = Release|Any CPU
	EndGlobalSection
	GlobalSection(SolutionProperties) = preSolution
		HideSolutionNode = FALSE
	EndGlobalSection
	GlobalSection(ExtensibilityGlobals) = postSolution
		SolutionGuid = {D19FA6B6-DEBD-4333-A91A-98A94D6C0661}
	EndGlobalSection
EndGlobal
